// !$*UTF8*$!
{
	archiveVersion = 1;
	classes = {
	};
	objectVersion = 55;
	objects = {

/* Begin PBXBuildFile section */
		C86B0E482895513700B347AD /* AppDelegate.m in Sources */ = {isa = PBXBuildFile; fileRef = C86B0E472895513700B347AD /* AppDelegate.m */; };
		C86B0E4B2895513700B347AD /* SceneDelegate.m in Sources */ = {isa = PBXBuildFile; fileRef = C86B0E4A2895513700B347AD /* SceneDelegate.m */; };
		C86B0E4E2895513700B347AD /* ViewController.m in Sources */ = {isa = PBXBuildFile; fileRef = C86B0E4D2895513700B347AD /* ViewController.m */; };
		C86B0E512895513700B347AD /* Main.storyboard in Resources */ = {isa = PBXBuildFile; fileRef = C86B0E4F2895513700B347AD /* Main.storyboard */; };
		C86B0E532895513800B347AD /* Assets.xcassets in Resources */ = {isa = PBXBuildFile; fileRef = C86B0E522895513800B347AD /* Assets.xcassets */; };
		C86B0E562895513800B347AD /* LaunchScreen.storyboard in Resources */ = {isa = PBXBuildFile; fileRef = C86B0E542895513800B347AD /* LaunchScreen.storyboard */; };
		C86B0E592895513800B347AD /* main.m in Sources */ = {isa = PBXBuildFile; fileRef = C86B0E582895513800B347AD /* main.m */; };
		C86B0E632895513800B347AD /* FeelMusicFBTests.m in Sources */ = {isa = PBXBuildFile; fileRef = C86B0E622895513800B347AD /* FeelMusicFBTests.m */; };
		C86B0E6D2895513800B347AD /* FeelMusicFBUITests.m in Sources */ = {isa = PBXBuildFile; fileRef = C86B0E6C2895513800B347AD /* FeelMusicFBUITests.m */; };
		C86B0E6F2895513800B347AD /* FeelMusicFBUITestsLaunchTests.m in Sources */ = {isa = PBXBuildFile; fileRef = C86B0E6E2895513800B347AD /* FeelMusicFBUITestsLaunchTests.m */; };
/* End PBXBuildFile section */

/* Begin PBXContainerItemProxy section */
		C86B0E5F2895513800B347AD /* PBXContainerItemProxy */ = {
			isa = PBXContainerItemProxy;
			containerPortal = C86B0E3B2895513700B347AD /* Project object */;
			proxyType = 1;
			remoteGlobalIDString = C86B0E422895513700B347AD;
			remoteInfo = FeelMusicFB;
		};
		C86B0E692895513800B347AD /* PBXContainerItemProxy */ = {
			isa = PBXContainerItemProxy;
			containerPortal = C86B0E3B2895513700B347AD /* Project object */;
			proxyType = 1;
			remoteGlobalIDString = C86B0E422895513700B347AD;
			remoteInfo = FeelMusicFB;
		};
/* End PBXContainerItemProxy section */

/* Begin PBXFileReference section */
		C86B0E432895513700B347AD /* FeelMusicFB.app */ = {isa = PBXFileReference; explicitFileType = wrapper.application; includeInIndex = 0; path = FeelMusicFB.app; sourceTree = BUILT_PRODUCTS_DIR; };
		C86B0E462895513700B347AD /* AppDelegate.h */ = {isa = PBXFileReference; lastKnownFileType = sourcecode.c.h; path = AppDelegate.h; sourceTree = "<group>"; };
		C86B0E472895513700B347AD /* AppDelegate.m */ = {isa = PBXFileReference; lastKnownFileType = sourcecode.c.objc; path = AppDelegate.m; sourceTree = "<group>"; };
		C86B0E492895513700B347AD /* SceneDelegate.h */ = {isa = PBXFileReference; lastKnownFileType = sourcecode.c.h; path = SceneDelegate.h; sourceTree = "<group>"; };
		C86B0E4A2895513700B347AD /* SceneDelegate.m */ = {isa = PBXFileReference; lastKnownFileType = sourcecode.c.objc; path = SceneDelegate.m; sourceTree = "<group>"; };
		C86B0E4C2895513700B347AD /* ViewController.h */ = {isa = PBXFileReference; lastKnownFileType = sourcecode.c.h; path = ViewController.h; sourceTree = "<group>"; };
		C86B0E4D2895513700B347AD /* ViewController.m */ = {isa = PBXFileReference; lastKnownFileType = sourcecode.c.objc; path = ViewController.m; sourceTree = "<group>"; };
		C86B0E502895513700B347AD /* Base */ = {isa = PBXFileReference; lastKnownFileType = file.storyboard; name = Base; path = Base.lproj/Main.storyboard; sourceTree = "<group>"; };
		C86B0E522895513800B347AD /* Assets.xcassets */ = {isa = PBXFileReference; lastKnownFileType = folder.assetcatalog; path = Assets.xcassets; sourceTree = "<group>"; };
		C86B0E552895513800B347AD /* Base */ = {isa = PBXFileReference; lastKnownFileType = file.storyboard; name = Base; path = Base.lproj/LaunchScreen.storyboard; sourceTree = "<group>"; };
		C86B0E572895513800B347AD /* Info.plist */ = {isa = PBXFileReference; lastKnownFileType = text.plist.xml; path = Info.plist; sourceTree = "<group>"; };
		C86B0E582895513800B347AD /* main.m */ = {isa = PBXFileReference; lastKnownFileType = sourcecode.c.objc; path = main.m; sourceTree = "<group>"; };
		C86B0E5E2895513800B347AD /* FeelMusicFBTests.xctest */ = {isa = PBXFileReference; explicitFileType = wrapper.cfbundle; includeInIndex = 0; path = FeelMusicFBTests.xctest; sourceTree = BUILT_PRODUCTS_DIR; };
		C86B0E622895513800B347AD /* FeelMusicFBTests.m */ = {isa = PBXFileReference; lastKnownFileType = sourcecode.c.objc; path = FeelMusicFBTests.m; sourceTree = "<group>"; };
		C86B0E682895513800B347AD /* FeelMusicFBUITests.xctest */ = {isa = PBXFileReference; explicitFileType = wrapper.cfbundle; includeInIndex = 0; path = FeelMusicFBUITests.xctest; sourceTree = BUILT_PRODUCTS_DIR; };
		C86B0E6C2895513800B347AD /* FeelMusicFBUITests.m */ = {isa = PBXFileReference; lastKnownFileType = sourcecode.c.objc; path = FeelMusicFBUITests.m; sourceTree = "<group>"; };
		C86B0E6E2895513800B347AD /* FeelMusicFBUITestsLaunchTests.m */ = {isa = PBXFileReference; lastKnownFileType = sourcecode.c.objc; path = FeelMusicFBUITestsLaunchTests.m; sourceTree = "<group>"; };
/* End PBXFileReference section */

/* Begin PBXFrameworksBuildPhase section */
		C86B0E402895513700B347AD /* Frameworks */ = {
			isa = PBXFrameworksBuildPhase;
			buildActionMask = 2147483647;
			files = (
			);
			runOnlyForDeploymentPostprocessing = 0;
		};
		C86B0E5B2895513800B347AD /* Frameworks */ = {
			isa = PBXFrameworksBuildPhase;
			buildActionMask = 2147483647;
			files = (
			);
			runOnlyForDeploymentPostprocessing = 0;
		};
		C86B0E652895513800B347AD /* Frameworks */ = {
			isa = PBXFrameworksBuildPhase;
			buildActionMask = 2147483647;
			files = (
			);
			runOnlyForDeploymentPostprocessing = 0;
		};
/* End PBXFrameworksBuildPhase section */

/* Begin PBXGroup section */
		C86B0E3A2895513700B347AD = {
			isa = PBXGroup;
			children = (
				C86B0E452895513700B347AD /* FeelMusicFB */,
				C86B0E612895513800B347AD /* FeelMusicFBTests */,
				C86B0E6B2895513800B347AD /* FeelMusicFBUITests */,
				C86B0E442895513700B347AD /* Products */,
			);
			sourceTree = "<group>";
		};
		C86B0E442895513700B347AD /* Products */ = {
			isa = PBXGroup;
			children = (
				C86B0E432895513700B347AD /* FeelMusicFB.app */,
				C86B0E5E2895513800B347AD /* FeelMusicFBTests.xctest */,
				C86B0E682895513800B347AD /* FeelMusicFBUITests.xctest */,
			);
			name = Products;
			sourceTree = "<group>";
		};
		C86B0E452895513700B347AD /* FeelMusicFB */ = {
			isa = PBXGroup;
			children = (
				C86B0E462895513700B347AD /* AppDelegate.h */,
				C86B0E472895513700B347AD /* AppDelegate.m */,
				C86B0E492895513700B347AD /* SceneDelegate.h */,
				C86B0E4A2895513700B347AD /* SceneDelegate.m */,
				C86B0E4C2895513700B347AD /* ViewController.h */,
				C86B0E4D2895513700B347AD /* ViewController.m */,
				C86B0E4F2895513700B347AD /* Main.storyboard */,
				C86B0E522895513800B347AD /* Assets.xcassets */,
				C86B0E542895513800B347AD /* LaunchScreen.storyboard */,
				C86B0E572895513800B347AD /* Info.plist */,
				C86B0E582895513800B347AD /* main.m */,
			);
			path = FeelMusicFB;
			sourceTree = "<group>";
		};
		C86B0E612895513800B347AD /* FeelMusicFBTests */ = {
			isa = PBXGroup;
			children = (
				C86B0E622895513800B347AD /* FeelMusicFBTests.m */,
			);
			path = FeelMusicFBTests;
			sourceTree = "<group>";
		};
		C86B0E6B2895513800B347AD /* FeelMusicFBUITests */ = {
			isa = PBXGroup;
			children = (
				C86B0E6C2895513800B347AD /* FeelMusicFBUITests.m */,
				C86B0E6E2895513800B347AD /* FeelMusicFBUITestsLaunchTests.m */,
			);
			path = FeelMusicFBUITests;
			sourceTree = "<group>";
		};
/* End PBXGroup section */

/* Begin PBXNativeTarget section */
		C86B0E422895513700B347AD /* FeelMusicFB */ = {
			isa = PBXNativeTarget;
			buildConfigurationList = C86B0E722895513800B347AD /* Build configuration list for PBXNativeTarget "FeelMusicFB" */;
			buildPhases = (
				C86B0E3F2895513700B347AD /* Sources */,
				C86B0E402895513700B347AD /* Frameworks */,
				C86B0E412895513700B347AD /* Resources */,
			);
			buildRules = (
			);
			dependencies = (
			);
			name = FeelMusicFB;
			productName = FeelMusicFB;
			productReference = C86B0E432895513700B347AD /* FeelMusicFB.app */;
			productType = "com.apple.product-type.application";
		};
		C86B0E5D2895513800B347AD /* FeelMusicFBTests */ = {
			isa = PBXNativeTarget;
			buildConfigurationList = C86B0E752895513800B347AD /* Build configuration list for PBXNativeTarget "FeelMusicFBTests" */;
			buildPhases = (
				C86B0E5A2895513800B347AD /* Sources */,
				C86B0E5B2895513800B347AD /* Frameworks */,
				C86B0E5C2895513800B347AD /* Resources */,
			);
			buildRules = (
			);
			dependencies = (
				C86B0E602895513800B347AD /* PBXTargetDependency */,
			);
			name = FeelMusicFBTests;
			productName = FeelMusicFBTests;
			productReference = C86B0E5E2895513800B347AD /* FeelMusicFBTests.xctest */;
			productType = "com.apple.product-type.bundle.unit-test";
		};
		C86B0E672895513800B347AD /* FeelMusicFBUITests */ = {
			isa = PBXNativeTarget;
			buildConfigurationList = C86B0E782895513800B347AD /* Build configuration list for PBXNativeTarget "FeelMusicFBUITests" */;
			buildPhases = (
				C86B0E642895513800B347AD /* Sources */,
				C86B0E652895513800B347AD /* Frameworks */,
				C86B0E662895513800B347AD /* Resources */,
			);
			buildRules = (
			);
			dependencies = (
				C86B0E6A2895513800B347AD /* PBXTargetDependency */,
			);
			name = FeelMusicFBUITests;
			productName = FeelMusicFBUITests;
			productReference = C86B0E682895513800B347AD /* FeelMusicFBUITests.xctest */;
			productType = "com.apple.product-type.bundle.ui-testing";
		};
/* End PBXNativeTarget section */

/* Begin PBXProject section */
		C86B0E3B2895513700B347AD /* Project object */ = {
			isa = PBXProject;
			attributes = {
				BuildIndependentTargetsInParallel = 1;
				LastUpgradeCheck = 1340;
				TargetAttributes = {
					C86B0E422895513700B347AD = {
						CreatedOnToolsVersion = 13.4;
					};
					C86B0E5D2895513800B347AD = {
						CreatedOnToolsVersion = 13.4;
						TestTargetID = C86B0E422895513700B347AD;
					};
					C86B0E672895513800B347AD = {
						CreatedOnToolsVersion = 13.4;
						TestTargetID = C86B0E422895513700B347AD;
					};
				};
			};
			buildConfigurationList = C86B0E3E2895513700B347AD /* Build configuration list for PBXProject "FeelMusicFB" */;
			compatibilityVersion = "Xcode 13.0";
			developmentRegion = en;
			hasScannedForEncodings = 0;
			knownRegions = (
				en,
				Base,
			);
			mainGroup = C86B0E3A2895513700B347AD;
			productRefGroup = C86B0E442895513700B347AD /* Products */;
			projectDirPath = "";
			projectRoot = "";
			targets = (
				C86B0E422895513700B347AD /* FeelMusicFB */,
				C86B0E5D2895513800B347AD /* FeelMusicFBTests */,
				C86B0E672895513800B347AD /* FeelMusicFBUITests */,
			);
		};
/* End PBXProject section */

/* Begin PBXResourcesBuildPhase section */
		C86B0E412895513700B347AD /* Resources */ = {
			isa = PBXResourcesBuildPhase;
			buildActionMask = 2147483647;
			files = (
				C86B0E562895513800B347AD /* LaunchScreen.storyboard in Resources */,
				C86B0E532895513800B347AD /* Assets.xcassets in Resources */,
				C86B0E512895513700B347AD /* Main.storyboard in Resources */,
			);
			runOnlyForDeploymentPostprocessing = 0;
		};
		C86B0E5C2895513800B347AD /* Resources */ = {
			isa = PBXResourcesBuildPhase;
			buildActionMask = 2147483647;
			files = (
			);
			runOnlyForDeploymentPostprocessing = 0;
		};
		C86B0E662895513800B347AD /* Resources */ = {
			isa = PBXResourcesBuildPhase;
			buildActionMask = 2147483647;
			files = (
			);
			runOnlyForDeploymentPostprocessing = 0;
		};
/* End PBXResourcesBuildPhase section */

/* Begin PBXSourcesBuildPhase section */
		C86B0E3F2895513700B347AD /* Sources */ = {
			isa = PBXSourcesBuildPhase;
			buildActionMask = 2147483647;
			files = (
				C86B0E4E2895513700B347AD /* ViewController.m in Sources */,
				C86B0E482895513700B347AD /* AppDelegate.m in Sources */,
				C86B0E592895513800B347AD /* main.m in Sources */,
				C86B0E4B2895513700B347AD /* SceneDelegate.m in Sources */,
			);
			runOnlyForDeploymentPostprocessing = 0;
		};
		C86B0E5A2895513800B347AD /* Sources */ = {
			isa = PBXSourcesBuildPhase;
			buildActionMask = 2147483647;
			files = (
				C86B0E632895513800B347AD /* FeelMusicFBTests.m in Sources */,
			);
			runOnlyForDeploymentPostprocessing = 0;
		};
		C86B0E642895513800B347AD /* Sources */ = {
			isa = PBXSourcesBuildPhase;
			buildActionMask = 2147483647;
			files = (
				C86B0E6F2895513800B347AD /* FeelMusicFBUITestsLaunchTests.m in Sources */,
				C86B0E6D2895513800B347AD /* FeelMusicFBUITests.m in Sources */,
			);
			runOnlyForDeploymentPostprocessing = 0;
		};
/* End PBXSourcesBuildPhase section */

/* Begin PBXTargetDependency section */
		C86B0E602895513800B347AD /* PBXTargetDependency */ = {
			isa = PBXTargetDependency;
			target = C86B0E422895513700B347AD /* FeelMusicFB */;
			targetProxy = C86B0E5F2895513800B347AD /* PBXContainerItemProxy */;
		};
		C86B0E6A2895513800B347AD /* PBXTargetDependency */ = {
			isa = PBXTargetDependency;
			target = C86B0E422895513700B347AD /* FeelMusicFB */;
			targetProxy = C86B0E692895513800B347AD /* PBXContainerItemProxy */;
		};
/* End PBXTargetDependency section */

/* Begin PBXVariantGroup section */
		C86B0E4F2895513700B347AD /* Main.storyboard */ = {
			isa = PBXVariantGroup;
			children = (
				C86B0E502895513700B347AD /* Base */,
			);
			name = Main.storyboard;
			sourceTree = "<group>";
		};
		C86B0E542895513800B347AD /* LaunchScreen.storyboard */ = {
			isa = PBXVariantGroup;
			children = (
				C86B0E552895513800B347AD /* Base */,
			);
			name = LaunchScreen.storyboard;
			sourceTree = "<group>";
		};
/* End PBXVariantGroup section */

/* Begin XCBuildConfiguration section */
		C86B0E702895513800B347AD /* Debug */ = {
			isa = XCBuildConfiguration;
			buildSettings = {
				ALWAYS_SEARCH_USER_PATHS = NO;
				CLANG_ANALYZER_NONNULL = YES;
				CLANG_ANALYZER_NUMBER_OBJECT_CONVERSION = YES_AGGRESSIVE;
				CLANG_CXX_LANGUAGE_STANDARD = "gnu++17";
				CLANG_ENABLE_MODULES = YES;
				CLANG_ENABLE_OBJC_ARC = YES;
				CLANG_ENABLE_OBJC_WEAK = YES;
				CLANG_WARN_BLOCK_CAPTURE_AUTORELEASING = YES;
				CLANG_WARN_BOOL_CONVERSION = YES;
				CLANG_WARN_COMMA = YES;
				CLANG_WARN_CONSTANT_CONVERSION = YES;
				CLANG_WARN_DEPRECATED_OBJC_IMPLEMENTATIONS = YES;
				CLANG_WARN_DIRECT_OBJC_ISA_USAGE = YES_ERROR;
				CLANG_WARN_DOCUMENTATION_COMMENTS = YES;
				CLANG_WARN_EMPTY_BODY = YES;
				CLANG_WARN_ENUM_CONVERSION = YES;
				CLANG_WARN_INFINITE_RECURSION = YES;
				CLANG_WARN_INT_CONVERSION = YES;
				CLANG_WARN_NON_LITERAL_NULL_CONVERSION = YES;
				CLANG_WARN_OBJC_IMPLICIT_RETAIN_SELF = YES;
				CLANG_WARN_OBJC_LITERAL_CONVERSION = YES;
				CLANG_WARN_OBJC_ROOT_CLASS = YES_ERROR;
				CLANG_WARN_QUOTED_INCLUDE_IN_FRAMEWORK_HEADER = YES;
				CLANG_WARN_RANGE_LOOP_ANALYSIS = YES;
				CLANG_WARN_STRICT_PROTOTYPES = YES;
				CLANG_WARN_SUSPICIOUS_MOVE = YES;
				CLANG_WARN_UNGUARDED_AVAILABILITY = YES_AGGRESSIVE;
				CLANG_WARN_UNREACHABLE_CODE = YES;
				CLANG_WARN__DUPLICATE_METHOD_MATCH = YES;
				COPY_PHASE_STRIP = NO;
				DEBUG_INFORMATION_FORMAT = dwarf;
				ENABLE_STRICT_OBJC_MSGSEND = YES;
				ENABLE_TESTABILITY = YES;
				GCC_C_LANGUAGE_STANDARD = gnu11;
				GCC_DYNAMIC_NO_PIC = NO;
				GCC_NO_COMMON_BLOCKS = YES;
				GCC_OPTIMIZATION_LEVEL = 0;
				GCC_PREPROCESSOR_DEFINITIONS = (
					"DEBUG=1",
					"$(inherited)",
				);
				GCC_WARN_64_TO_32_BIT_CONVERSION = YES;
				GCC_WARN_ABOUT_RETURN_TYPE = YES_ERROR;
				GCC_WARN_UNDECLARED_SELECTOR = YES;
				GCC_WARN_UNINITIALIZED_AUTOS = YES_AGGRESSIVE;
				GCC_WARN_UNUSED_FUNCTION = YES;
				GCC_WARN_UNUSED_VARIABLE = YES;
				IPHONEOS_DEPLOYMENT_TARGET = 15.5;
				MTL_ENABLE_DEBUG_INFO = INCLUDE_SOURCE;
				MTL_FAST_MATH = YES;
				ONLY_ACTIVE_ARCH = YES;
				SDKROOT = iphoneos;
			};
			name = Debug;
		};
		C86B0E712895513800B347AD /* Release */ = {
			isa = XCBuildConfiguration;
			buildSettings = {
				ALWAYS_SEARCH_USER_PATHS = NO;
				CLANG_ANALYZER_NONNULL = YES;
				CLANG_ANALYZER_NUMBER_OBJECT_CONVERSION = YES_AGGRESSIVE;
				CLANG_CXX_LANGUAGE_STANDARD = "gnu++17";
				CLANG_ENABLE_MODULES = YES;
				CLANG_ENABLE_OBJC_ARC = YES;
				CLANG_ENABLE_OBJC_WEAK = YES;
				CLANG_WARN_BLOCK_CAPTURE_AUTORELEASING = YES;
				CLANG_WARN_BOOL_CONVERSION = YES;
				CLANG_WARN_COMMA = YES;
				CLANG_WARN_CONSTANT_CONVERSION = YES;
				CLANG_WARN_DEPRECATED_OBJC_IMPLEMENTATIONS = YES;
				CLANG_WARN_DIRECT_OBJC_ISA_USAGE = YES_ERROR;
				CLANG_WARN_DOCUMENTATION_COMMENTS = YES;
				CLANG_WARN_EMPTY_BODY = YES;
				CLANG_WARN_ENUM_CONVERSION = YES;
				CLANG_WARN_INFINITE_RECURSION = YES;
				CLANG_WARN_INT_CONVERSION = YES;
				CLANG_WARN_NON_LITERAL_NULL_CONVERSION = YES;
				CLANG_WARN_OBJC_IMPLICIT_RETAIN_SELF = YES;
				CLANG_WARN_OBJC_LITERAL_CONVERSION = YES;
				CLANG_WARN_OBJC_ROOT_CLASS = YES_ERROR;
				CLANG_WARN_QUOTED_INCLUDE_IN_FRAMEWORK_HEADER = YES;
				CLANG_WARN_RANGE_LOOP_ANALYSIS = YES;
				CLANG_WARN_STRICT_PROTOTYPES = YES;
				CLANG_WARN_SUSPICIOUS_MOVE = YES;
				CLANG_WARN_UNGUARDED_AVAILABILITY = YES_AGGRESSIVE;
				CLANG_WARN_UNREACHABLE_CODE = YES;
				CLANG_WARN__DUPLICATE_METHOD_MATCH = YES;
				COPY_PHASE_STRIP = NO;
				DEBUG_INFORMATION_FORMAT = "dwarf-with-dsym";
				ENABLE_NS_ASSERTIONS = NO;
				ENABLE_STRICT_OBJC_MSGSEND = YES;
				GCC_C_LANGUAGE_STANDARD = gnu11;
				GCC_NO_COMMON_BLOCKS = YES;
				GCC_WARN_64_TO_32_BIT_CONVERSION = YES;
				GCC_WARN_ABOUT_RETURN_TYPE = YES_ERROR;
				GCC_WARN_UNDECLARED_SELECTOR = YES;
				GCC_WARN_UNINITIALIZED_AUTOS = YES_AGGRESSIVE;
				GCC_WARN_UNUSED_FUNCTION = YES;
				GCC_WARN_UNUSED_VARIABLE = YES;
				IPHONEOS_DEPLOYMENT_TARGET = 15.5;
				MTL_ENABLE_DEBUG_INFO = NO;
				MTL_FAST_MATH = YES;
				SDKROOT = iphoneos;
				VALIDATE_PRODUCT = YES;
			};
			name = Release;
		};
		C86B0E732895513800B347AD /* Debug */ = {
			isa = XCBuildConfiguration;
			buildSettings = {
				ASSETCATALOG_COMPILER_APPICON_NAME = AppIcon;
				ASSETCATALOG_COMPILER_GLOBAL_ACCENT_COLOR_NAME = AccentColor;
				CODE_SIGN_STYLE = Automatic;
				CURRENT_PROJECT_VERSION = 1;
				DEVELOPMENT_TEAM = 3LGZY3S9Q5;
				GENERATE_INFOPLIST_FILE = YES;
				INFOPLIST_FILE = FeelMusicFB/Info.plist;
				INFOPLIST_KEY_UIApplicationSupportsIndirectInputEvents = YES;
				INFOPLIST_KEY_UILaunchStoryboardName = LaunchScreen;
				INFOPLIST_KEY_UIMainStoryboardFile = Main;
				INFOPLIST_KEY_UISupportedInterfaceOrientations_iPad = "UIInterfaceOrientationPortrait UIInterfaceOrientationPortraitUpsideDown UIInterfaceOrientationLandscapeLeft UIInterfaceOrientationLandscapeRight";
				INFOPLIST_KEY_UISupportedInterfaceOrientations_iPhone = "UIInterfaceOrientationPortrait UIInterfaceOrientationLandscapeLeft UIInterfaceOrientationLandscapeRight";
				LD_RUNPATH_SEARCH_PATHS = (
					"$(inherited)",
					"@executable_path/Frameworks",
				);
				MARKETING_VERSION = 1.0;
				PRODUCT_BUNDLE_IDENTIFIER = com.kyawthemonkey.FeelMusicFB;
				PRODUCT_NAME = "$(TARGET_NAME)";
				SWIFT_EMIT_LOC_STRINGS = YES;
				TARGETED_DEVICE_FAMILY = "1,2";
			};
			name = Debug;
		};
		C86B0E742895513800B347AD /* Release */ = {
			isa = XCBuildConfiguration;
			buildSettings = {
				ASSETCATALOG_COMPILER_APPICON_NAME = AppIcon;
				ASSETCATALOG_COMPILER_GLOBAL_ACCENT_COLOR_NAME = AccentColor;
				CODE_SIGN_STYLE = Automatic;
				CURRENT_PROJECT_VERSION = 1;
				DEVELOPMENT_TEAM = 3LGZY3S9Q5;
				GENERATE_INFOPLIST_FILE = YES;
				INFOPLIST_FILE = FeelMusicFB/Info.plist;
				INFOPLIST_KEY_UIApplicationSupportsIndirectInputEvents = YES;
				INFOPLIST_KEY_UILaunchStoryboardName = LaunchScreen;
				INFOPLIST_KEY_UIMainStoryboardFile = Main;
				INFOPLIST_KEY_UISupportedInterfaceOrientations_iPad = "UIInterfaceOrientationPortrait UIInterfaceOrientationPortraitUpsideDown UIInterfaceOrientationLandscapeLeft UIInterfaceOrientationLandscapeRight";
				INFOPLIST_KEY_UISupportedInterfaceOrientations_iPhone = "UIInterfaceOrientationPortrait UIInterfaceOrientationLandscapeLeft UIInterfaceOrientationLandscapeRight";
				LD_RUNPATH_SEARCH_PATHS = (
					"$(inherited)",
					"@executable_path/Frameworks",
				);
				MARKETING_VERSION = 1.0;
				PRODUCT_BUNDLE_IDENTIFIER = com.kyawthemonkey.FeelMusicFB;
				PRODUCT_NAME = "$(TARGET_NAME)";
				SWIFT_EMIT_LOC_STRINGS = YES;
				TARGETED_DEVICE_FAMILY = "1,2";
			};
			name = Release;
		};
		C86B0E762895513800B347AD /* Debug */ = {
			isa = XCBuildConfiguration;
			buildSettings = {
				BUNDLE_LOADER = "$(TEST_HOST)";
				CODE_SIGN_STYLE = Automatic;
				CURRENT_PROJECT_VERSION = 1;
				DEVELOPMENT_TEAM = 3LGZY3S9Q5;
				GENERATE_INFOPLIST_FILE = YES;
				IPHONEOS_DEPLOYMENT_TARGET = 15.5;
				MARKETING_VERSION = 1.0;
				PRODUCT_BUNDLE_IDENTIFIER = com.kyawthemonkey.FeelMusicFBTests;
				PRODUCT_NAME = "$(TARGET_NAME)";
				SWIFT_EMIT_LOC_STRINGS = NO;
				TARGETED_DEVICE_FAMILY = "1,2";
				TEST_HOST = "$(BUILT_PRODUCTS_DIR)/FeelMusicFB.app/FeelMusicFB";
			};
			name = Debug;
		};
		C86B0E772895513800B347AD /* Release */ = {
			isa = XCBuildConfiguration;
			buildSettings = {
				BUNDLE_LOADER = "$(TEST_HOST)";
				CODE_SIGN_STYLE = Automatic;
				CURRENT_PROJECT_VERSION = 1;
				DEVELOPMENT_TEAM = 3LGZY3S9Q5;
				GENERATE_INFOPLIST_FILE = YES;
				IPHONEOS_DEPLOYMENT_TARGET = 15.5;
				MARKETING_VERSION = 1.0;
				PRODUCT_BUNDLE_IDENTIFIER = com.kyawthemonkey.FeelMusicFBTests;
				PRODUCT_NAME = "$(TARGET_NAME)";
				SWIFT_EMIT_LOC_STRINGS = NO;
				TARGETED_DEVICE_FAMILY = "1,2";
				TEST_HOST = "$(BUILT_PRODUCTS_DIR)/FeelMusicFB.app/FeelMusicFB";
			};
			name = Release;
		};
		C86B0E792895513800B347AD /* Debug */ = {
			isa = XCBuildConfiguration;
			buildSettings = {
				CODE_SIGN_STYLE = Automatic;
				CURRENT_PROJECT_VERSION = 1;
				DEVELOPMENT_TEAM = 3LGZY3S9Q5;
				GENERATE_INFOPLIST_FILE = YES;
				MARKETING_VERSION = 1.0;
				PRODUCT_BUNDLE_IDENTIFIER = com.kyawthemonkey.FeelMusicFBUITests;
				PRODUCT_NAME = "$(TARGET_NAME)";
				SWIFT_EMIT_LOC_STRINGS = NO;
				TARGETED_DEVICE_FAMILY = "1,2";
				TEST_TARGET_NAME = FeelMusicFB;
			};
			name = Debug;
		};
		C86B0E7A2895513800B347AD /* Release */ = {
			isa = XCBuildConfiguration;
			buildSettings = {
				CODE_SIGN_STYLE = Automatic;
				CURRENT_PROJECT_VERSION = 1;
				DEVELOPMENT_TEAM = 3LGZY3S9Q5;
				GENERATE_INFOPLIST_FILE = YES;
				MARKETING_VERSION = 1.0;
				PRODUCT_BUNDLE_IDENTIFIER = com.kyawthemonkey.FeelMusicFBUITests;
				PRODUCT_NAME = "$(TARGET_NAME)";
				SWIFT_EMIT_LOC_STRINGS = NO;
				TARGETED_DEVICE_FAMILY = "1,2";
				TEST_TARGET_NAME = FeelMusicFB;
			};
			name = Release;
		};
/* End XCBuildConfiguration section */

/* Begin XCConfigurationList section */
		C86B0E3E2895513700B347AD /* Build configuration list for PBXProject "FeelMusicFB" */ = {
			isa = XCConfigurationList;
			buildConfigurations = (
				C86B0E702895513800B347AD /* Debug */,
				C86B0E712895513800B347AD /* Release */,
			);
			defaultConfigurationIsVisible = 0;
			defaultConfigurationName = Release;
		};
		C86B0E722895513800B347AD /* Build configuration list for PBXNativeTarget "FeelMusicFB" */ = {
			isa = XCConfigurationList;
			buildConfigurations = (
				C86B0E732895513800B347AD /* Debug */,
				C86B0E742895513800B347AD /* Release */,
			);
			defaultConfigurationIsVisible = 0;
			defaultConfigurationName = Release;
		};
		C86B0E752895513800B347AD /* Build configuration list for PBXNativeTarget "FeelMusicFBTests" */ = {
			isa = XCConfigurationList;
			buildConfigurations = (
				C86B0E762895513800B347AD /* Debug */,
				C86B0E772895513800B347AD /* Release */,
			);
			defaultConfigurationIsVisible = 0;
			defaultConfigurationName = Release;
		};
		C86B0E782895513800B347AD /* Build configuration list for PBXNativeTarget "FeelMusicFBUITests" */ = {
			isa = XCConfigurationList;
			buildConfigurations = (
				C86B0E792895513800B347AD /* Debug */,
				C86B0E7A2895513800B347AD /* Release */,
			);
			defaultConfigurationIsVisible = 0;
			defaultConfigurationName = Release;
		};
/* End XCConfigurationList section */
	};
	rootObject = C86B0E3B2895513700B347AD /* Project object */;
}
